
Microsoft Visual Studio Solution File, Format Version 12.00
# Visual Studio Version 17
VisualStudioVersion = 17.3.32901.215
MinimumVisualStudioVersion = 10.0.40219.1
Project("{FAE04EC0-301F-11D3-BF4B-00C04F79EFBC}") = "GameApp", "GameApp\GameApp.csproj", "{8D818EAF-BB67-46F0-81D5-94336E964899}"
EndProject
Project("{FAE04EC0-301F-11D3-BF4B-00C04F79EFBC}") = "Game.BL", "Game.BL\Game.BL.csproj", "{024E63FD-1878-4D99-B2B9-AE073C871651}"
EndProject
Project("{FAE04EC0-301F-11D3-BF4B-00C04F79EFBC}") = "Game.DAL", "Game.DAL\Game.DAL.csproj", "{A6924F19-A961-4C17-8834-559FA774D44C}"
EndProject
Project("{FAE04EC0-301F-11D3-BF4B-00C04F79EFBC}") = "Game.BL.Contracts", "Game.BL.Contracts\Game.BL.Contracts.csproj", "{B9802FAD-D0BD-45E8-97A9-A1B5C28593F5}"
EndProject
Project("{FAE04EC0-301F-11D3-BF4B-00C04F79EFBC}") = "Game.Entities", "Game.Entities\Game.Entities.csproj", "{DCFC8AE5-EDB3-43CB-92FB-CA4D5C853912}"
EndProject
Global
	GlobalSection(SolutionConfigurationPlatforms) = preSolution
		Debug|Any CPU = Debug|Any CPU
		Release|Any CPU = Release|Any CPU
	EndGlobalSection
	GlobalSection(ProjectConfigurationPlatforms) = postSolution
		{8D818EAF-BB67-46F0-81D5-94336E964899}.Debug|Any CPU.ActiveCfg = Debug|Any CPU
		{8D818EAF-BB67-46F0-81D5-94336E964899}.Debug|Any CPU.Build.0 = Debug|Any CPU
		{8D818EAF-BB67-46F0-81D5-94336E964899}.Release|Any CPU.ActiveCfg = Release|Any CPU
		{8D818EAF-BB67-46F0-81D5-94336E964899}.Release|Any CPU.Build.0 = Release|Any CPU
		{024E63FD-1878-4D99-B2B9-AE073C871651}.Debug|Any CPU.ActiveCfg = Debug|Any CPU
		{024E63FD-1878-4D99-B2B9-AE073C871651}.Debug|Any CPU.Build.0 = Debug|Any CPU
		{024E63FD-1878-4D99-B2B9-AE073C871651}.Release|Any CPU.ActiveCfg = Release|Any CPU
		{024E63FD-1878-4D99-B2B9-AE073C871651}.Release|Any CPU.Build.0 = Release|Any CPU
		{A6924F19-A961-4C17-8834-559FA774D44C}.Debug|Any CPU.ActiveCfg = Debug|Any CPU
		{A6924F19-A961-4C17-8834-559FA774D44C}.Debug|Any CPU.Build.0 = Debug|Any CPU
		{A6924F19-A961-4C17-8834-559FA774D44C}.Release|Any CPU.ActiveCfg = Release|Any CPU
		{A6924F19-A961-4C17-8834-559FA774D44C}.Release|Any CPU.Build.0 = Release|Any CPU
		{B9802FAD-D0BD-45E8-97A9-A1B5C28593F5}.Debug|Any CPU.ActiveCfg = Debug|Any CPU
		{B9802FAD-D0BD-45E8-97A9-A1B5C28593F5}.Debug|Any CPU.Build.0 = Debug|Any CPU
		{B9802FAD-D0BD-45E8-97A9-A1B5C28593F5}.Release|Any CPU.ActiveCfg = Release|Any CPU
		{B9802FAD-D0BD-45E8-97A9-A1B5C28593F5}.Release|Any CPU.Build.0 = Release|Any CPU
		{DCFC8AE5-EDB3-43CB-92FB-CA4D5C853912}.Debug|Any CPU.ActiveCfg = Debug|Any CPU
		{DCFC8AE5-EDB3-43CB-92FB-CA4D5C853912}.Debug|Any CPU.Build.0 = Debug|Any CPU
		{DCFC8AE5-EDB3-43CB-92FB-CA4D5C853912}.Release|Any CPU.ActiveCfg = Release|Any CPU
		{DCFC8AE5-EDB3-43CB-92FB-CA4D5C853912}.Release|Any CPU.Build.0 = Release|Any CPU
	EndGlobalSection
	GlobalSection(SolutionProperties) = preSolution
		HideSolutionNode = FALSE
	EndGlobalSection
	GlobalSection(ExtensibilityGlobals) = postSolution
		SolutionGuid = {596272DA-4FBC-4F71-91A0-112E9894EA2B}
	EndGlobalSection
EndGlobal
